
Microsoft Visual Studio Solution File, Format Version 12.00
# Visual Studio Version 16
VisualStudioVersion = 16.0.30114.105
MinimumVisualStudioVersion = 10.0.40219.1
Project("{FAE04EC0-301F-11D3-BF4B-00C04F79EFBC}") = "GetHelp_Cadastrar", "GetHelp_Cadastrar\GetHelp_Cadastrar.csproj", "{768C44E7-62A3-45ED-AD7E-FF05EDC9DAF3}"
EndProject
Global
	GlobalSection(SolutionConfigurationPlatforms) = preSolution
		Debug|Any CPU = Debug|Any CPU
		Release|Any CPU = Release|Any CPU
	EndGlobalSection
	GlobalSection(ProjectConfigurationPlatforms) = postSolution
		{768C44E7-62A3-45ED-AD7E-FF05EDC9DAF3}.Debug|Any CPU.ActiveCfg = Debug|Any CPU
		{768C44E7-62A3-45ED-AD7E-FF05EDC9DAF3}.Debug|Any CPU.Build.0 = Debug|Any CPU
		{768C44E7-62A3-45ED-AD7E-FF05EDC9DAF3}.Release|Any CPU.ActiveCfg = Release|Any CPU
		{768C44E7-62A3-45ED-AD7E-FF05EDC9DAF3}.Release|Any CPU.Build.0 = Release|Any CPU
	EndGlobalSection
	GlobalSection(SolutionProperties) = preSolution
		HideSolutionNode = FALSE
	EndGlobalSection
	GlobalSection(ExtensibilityGlobals) = postSolution
		SolutionGuid = {55C4D7C7-544D-4260-B247-C76BB930FA4F}
	EndGlobalSection
EndGlobal
